{
  "name": "example",
  "lockfileVersion": 2,
  "requires": true,
  "packages": {
    "": {
      "name": "example",
      "dependencies": {
        "mongodb-livedata-server": "file:.."
      }
    },
    "..": {
      "version": "0.0.5",
      "license": "MIT",
      "dependencies": {
        "@types/double-ended-queue": "^2.1.1",
        "@types/node": "^18.11.9",
        "@types/sockjs": "^0.3.33",
        "double-ended-queue": "^2.1.0-0",
        "mongodb": "^4.11.0",
        "permessage-deflate": "^0.1.7",
        "sockjs": "^0.3.24"
      }
    },
    "node_modules/mongodb-livedata-server": {
      "resolved": "..",
      "link": true
    }
  },
  "dependencies": {
    "mongodb-livedata-server": {
      "version": "file:..",
      "requires": {
        "@types/double-ended-queue": "^2.1.1",
        "@types/node": "^18.11.9",
        "@types/sockjs": "^0.3.33",
        "double-ended-queue": "^2.1.0-0",
        "mongodb": "^4.11.0",
        "permessage-deflate": "^0.1.7",
        "sockjs": "^0.3.24"
      }
    }
  }
}
